PODS:
  - Alamofire (4.4.0)
  - Gloss (1.2.4)
  - Kingfisher (3.6.2)
  - PromiseKit (4.2.0):
    - PromiseKit/Foundation (= 4.2.0)
    - PromiseKit/QuartzCore (= 4.2.0)
    - PromiseKit/UIKit (= 4.2.0)
  - PromiseKit/CorePromise (4.2.0)
  - PromiseKit/Foundation (4.2.0):
    - PromiseKit/CorePromise
  - PromiseKit/QuartzCore (4.2.0):
    - PromiseKit/CorePromise
  - PromiseKit/UIKit (4.2.0):
    - PromiseKit/CorePromise

DEPENDENCIES:
  - Alamofire (~> 4.4)
  - Gloss
  - Kingfisher
  - PromiseKit

SPEC CHECKSUMS:
  Alamofire: dc44b1600b800eb63da6a19039a0083d62a6a62d
  Gloss: 4e036074610fdb993abcb958ebcd7332588e2333
  Kingfisher: 2c94e72c6830622c71d06adf4ea024c37d316830
  PromiseKit: 08dfb783c161ddcd95b7912421f14c5113fd8318

PODFILE CHECKSUM: 3f3fc0cecbf804c95a3911bd95d4d8304694118a

COCOAPODS: 1.2.1
